// !$*UTF8*$!
{
	archiveVersion = 1;
	classes = {
	};
	objectVersion = 55;
	objects = {

/* Begin PBXBuildFile section */
		D0474AEF28A7BCAA00C1FB3C /* AppDelegate.swift in Sources */ = {isa = PBXBuildFile; fileRef = D0474AEE28A7BCAA00C1FB3C /* AppDelegate.swift */; };
		D0474AF128A7BCAA00C1FB3C /* SceneDelegate.swift in Sources */ = {isa = PBXBuildFile; fileRef = D0474AF028A7BCAA00C1FB3C /* SceneDelegate.swift */; };
		D0474AF328A7BCAA00C1FB3C /* ViewController.swift in Sources */ = {isa = PBXBuildFile; fileRef = D0474AF228A7BCAA00C1FB3C /* ViewController.swift */; };
		D0474AF628A7BCAA00C1FB3C /* Main.storyboard in Resources */ = {isa = PBXBuildFile; fileRef = D0474AF428A7BCAA00C1FB3C /* Main.storyboard */; };
		D0474AF828A7BCB400C1FB3C /* Assets.xcassets in Resources */ = {isa = PBXBuildFile; fileRef = D0474AF728A7BCB400C1FB3C /* Assets.xcassets */; };
		D0474AFB28A7BCB400C1FB3C /* LaunchScreen.storyboard in Resources */ = {isa = PBXBuildFile; fileRef = D0474AF928A7BCB400C1FB3C /* LaunchScreen.storyboard */; };
		D0474B0328A7C98600C1FB3C /* AppCoordinator.swift in Sources */ = {isa = PBXBuildFile; fileRef = D0474B0228A7C98600C1FB3C /* AppCoordinator.swift */; };
		D0474B0528A7E9D900C1FB3C /* EventListCoordinator.swift in Sources */ = {isa = PBXBuildFile; fileRef = D0474B0428A7E9D900C1FB3C /* EventListCoordinator.swift */; };
		D0474B0728A7EB3C00C1FB3C /* EventListViewController.swift in Sources */ = {isa = PBXBuildFile; fileRef = D0474B0628A7EB3C00C1FB3C /* EventListViewController.swift */; };
		D0474B0928A7F16400C1FB3C /* UIColor+Extention.swift in Sources */ = {isa = PBXBuildFile; fileRef = D0474B0828A7F16300C1FB3C /* UIColor+Extention.swift */; };
/* End PBXBuildFile section */

/* Begin PBXFileReference section */
		D0474AEB28A7BCAA00C1FB3C /* Event Club.app */ = {isa = PBXFileReference; explicitFileType = wrapper.application; includeInIndex = 0; path = "Event Club.app"; sourceTree = BUILT_PRODUCTS_DIR; };
		D0474AEE28A7BCAA00C1FB3C /* AppDelegate.swift */ = {isa = PBXFileReference; lastKnownFileType = sourcecode.swift; path = AppDelegate.swift; sourceTree = "<group>"; };
		D0474AF028A7BCAA00C1FB3C /* SceneDelegate.swift */ = {isa = PBXFileReference; lastKnownFileType = sourcecode.swift; path = SceneDelegate.swift; sourceTree = "<group>"; };
		D0474AF228A7BCAA00C1FB3C /* ViewController.swift */ = {isa = PBXFileReference; lastKnownFileType = sourcecode.swift; path = ViewController.swift; sourceTree = "<group>"; };
		D0474AF528A7BCAA00C1FB3C /* Base */ = {isa = PBXFileReference; lastKnownFileType = file.storyboard; name = Base; path = Base.lproj/Main.storyboard; sourceTree = "<group>"; };
		D0474AF728A7BCB400C1FB3C /* Assets.xcassets */ = {isa = PBXFileReference; lastKnownFileType = folder.assetcatalog; path = Assets.xcassets; sourceTree = "<group>"; };
		D0474AFA28A7BCB400C1FB3C /* Base */ = {isa = PBXFileReference; lastKnownFileType = file.storyboard; name = Base; path = Base.lproj/LaunchScreen.storyboard; sourceTree = "<group>"; };
		D0474AFC28A7BCB400C1FB3C /* Info.plist */ = {isa = PBXFileReference; lastKnownFileType = text.plist.xml; path = Info.plist; sourceTree = "<group>"; };
		D0474B0228A7C98600C1FB3C /* AppCoordinator.swift */ = {isa = PBXFileReference; lastKnownFileType = sourcecode.swift; path = AppCoordinator.swift; sourceTree = "<group>"; };
		D0474B0428A7E9D900C1FB3C /* EventListCoordinator.swift */ = {isa = PBXFileReference; lastKnownFileType = sourcecode.swift; path = EventListCoordinator.swift; sourceTree = "<group>"; };
		D0474B0628A7EB3C00C1FB3C /* EventListViewController.swift */ = {isa = PBXFileReference; lastKnownFileType = sourcecode.swift; path = EventListViewController.swift; sourceTree = "<group>"; };
		D0474B0828A7F16300C1FB3C /* UIColor+Extention.swift */ = {isa = PBXFileReference; lastKnownFileType = sourcecode.swift; path = "UIColor+Extention.swift"; sourceTree = "<group>"; };
/* End PBXFileReference section */

/* Begin PBXFrameworksBuildPhase section */
		D0474AE828A7BCAA00C1FB3C /* Frameworks */ = {
			isa = PBXFrameworksBuildPhase;
			buildActionMask = 2147483647;
			files = (
			);
			runOnlyForDeploymentPostprocessing = 0;
		};
/* End PBXFrameworksBuildPhase section */

/* Begin PBXGroup section */
		D0474AE228A7BCAA00C1FB3C = {
			isa = PBXGroup;
			children = (
				D0474AED28A7BCAA00C1FB3C /* Event Club */,
				D0474AEC28A7BCAA00C1FB3C /* Products */,
			);
			sourceTree = "<group>";
		};
		D0474AEC28A7BCAA00C1FB3C /* Products */ = {
			isa = PBXGroup;
			children = (
				D0474AEB28A7BCAA00C1FB3C /* Event Club.app */,
			);
			name = Products;
			sourceTree = "<group>";
		};
		D0474AED28A7BCAA00C1FB3C /* Event Club */ = {
			isa = PBXGroup;
			children = (
				D0474AEE28A7BCAA00C1FB3C /* AppDelegate.swift */,
				D0474AF028A7BCAA00C1FB3C /* SceneDelegate.swift */,
				D0474AF228A7BCAA00C1FB3C /* ViewController.swift */,
				D0474B0228A7C98600C1FB3C /* AppCoordinator.swift */,
				D0474B0428A7E9D900C1FB3C /* EventListCoordinator.swift */,
				D0474B0628A7EB3C00C1FB3C /* EventListViewController.swift */,
				D0474B0828A7F16300C1FB3C /* UIColor+Extention.swift */,
				D0474AF428A7BCAA00C1FB3C /* Main.storyboard */,
				D0474AF728A7BCB400C1FB3C /* Assets.xcassets */,
				D0474AF928A7BCB400C1FB3C /* LaunchScreen.storyboard */,
				D0474AFC28A7BCB400C1FB3C /* Info.plist */,
			);
			path = "Event Club";
			sourceTree = "<group>";
		};
/* End PBXGroup section */

/* Begin PBXNativeTarget section */
		D0474AEA28A7BCAA00C1FB3C /* Event Club */ = {
			isa = PBXNativeTarget;
			buildConfigurationList = D0474AFF28A7BCB400C1FB3C /* Build configuration list for PBXNativeTarget "Event Club" */;
			buildPhases = (
				D0474AE728A7BCAA00C1FB3C /* Sources */,
				D0474AE828A7BCAA00C1FB3C /* Frameworks */,
				D0474AE928A7BCAA00C1FB3C /* Resources */,
			);
			buildRules = (
			);
			dependencies = (
			);
			name = "Event Club";
			productName = "Event Club";
			productReference = D0474AEB28A7BCAA00C1FB3C /* Event Club.app */;
			productType = "com.apple.product-type.application";
		};
/* End PBXNativeTarget section */

/* Begin PBXProject section */
		D0474AE328A7BCAA00C1FB3C /* Project object */ = {
			isa = PBXProject;
			attributes = {
				BuildIndependentTargetsInParallel = 1;
				LastSwiftUpdateCheck = 1340;
				LastUpgradeCheck = 1340;
				TargetAttributes = {
					D0474AEA28A7BCAA00C1FB3C = {
						CreatedOnToolsVersion = 13.4.1;
					};
				};
			};
			buildConfigurationList = D0474AE628A7BCAA00C1FB3C /* Build configuration list for PBXProject "Event Club" */;
			compatibilityVersion = "Xcode 13.0";
			developmentRegion = en;
			hasScannedForEncodings = 0;
			knownRegions = (
				en,
				Base,
			);
			mainGroup = D0474AE228A7BCAA00C1FB3C;
			productRefGroup = D0474AEC28A7BCAA00C1FB3C /* Products */;
			projectDirPath = "";
			projectRoot = "";
			targets = (
				D0474AEA28A7BCAA00C1FB3C /* Event Club */,
			);
		};
/* End PBXProject section */

/* Begin PBXResourcesBuildPhase section */
		D0474AE928A7BCAA00C1FB3C /* Resources */ = {
			isa = PBXResourcesBuildPhase;
			buildActionMask = 2147483647;
			files = (
				D0474AFB28A7BCB400C1FB3C /* LaunchScreen.storyboard in Resources */,
				D0474AF828A7BCB400C1FB3C /* Assets.xcassets in Resources */,
				D0474AF628A7BCAA00C1FB3C /* Main.storyboard in Resources */,
			);
			runOnlyForDeploymentPostprocessing = 0;
		};
/* End PBXResourcesBuildPhase section */

/* Begin PBXSourcesBuildPhase section */
		D0474AE728A7BCAA00C1FB3C /* Sources */ = {
			isa = PBXSourcesBuildPhase;
			buildActionMask = 2147483647;
			files = (
				D0474B0328A7C98600C1FB3C /* AppCoordinator.swift in Sources */,
				D0474B0728A7EB3C00C1FB3C /* EventListViewController.swift in Sources */,
				D0474AF328A7BCAA00C1FB3C /* ViewController.swift in Sources */,
				D0474AEF28A7BCAA00C1FB3C /* AppDelegate.swift in Sources */,
				D0474AF128A7BCAA00C1FB3C /* SceneDelegate.swift in Sources */,
				D0474B0528A7E9D900C1FB3C /* EventListCoordinator.swift in Sources */,
				D0474B0928A7F16400C1FB3C /* UIColor+Extention.swift in Sources */,
			);
			runOnlyForDeploymentPostprocessing = 0;
		};
/* End PBXSourcesBuildPhase section */

/* Begin PBXVariantGroup section */
		D0474AF428A7BCAA00C1FB3C /* Main.storyboard */ = {
			isa = PBXVariantGroup;
			children = (
				D0474AF528A7BCAA00C1FB3C /* Base */,
			);
			name = Main.storyboard;
			sourceTree = "<group>";
		};
		D0474AF928A7BCB400C1FB3C /* LaunchScreen.storyboard */ = {
			isa = PBXVariantGroup;
			children = (
				D0474AFA28A7BCB400C1FB3C /* Base */,
			);
			name = LaunchScreen.storyboard;
			sourceTree = "<group>";
		};
/* End PBXVariantGroup section */

/* Begin XCBuildConfiguration section */
		D0474AFD28A7BCB400C1FB3C /* Debug */ = {
			isa = XCBuildConfiguration;
			buildSettings = {
				ALWAYS_SEARCH_USER_PATHS = NO;
				CLANG_ANALYZER_NONNULL = YES;
				CLANG_ANALYZER_NUMBER_OBJECT_CONVERSION = YES_AGGRESSIVE;
				CLANG_CXX_LANGUAGE_STANDARD = "gnu++17";
				CLANG_ENABLE_MODULES = YES;
				CLANG_ENABLE_OBJC_ARC = YES;
				CLANG_ENABLE_OBJC_WEAK = YES;
				CLANG_WARN_BLOCK_CAPTURE_AUTORELEASING = YES;
				CLANG_WARN_BOOL_CONVERSION = YES;
				CLANG_WARN_COMMA = YES;
				CLANG_WARN_CONSTANT_CONVERSION = YES;
				CLANG_WARN_DEPRECATED_OBJC_IMPLEMENTATIONS = YES;
				CLANG_WARN_DIRECT_OBJC_ISA_USAGE = YES_ERROR;
				CLANG_WARN_DOCUMENTATION_COMMENTS = YES;
				CLANG_WARN_EMPTY_BODY = YES;
				CLANG_WARN_ENUM_CONVERSION = YES;
				CLANG_WARN_INFINITE_RECURSION = YES;
				CLANG_WARN_INT_CONVERSION = YES;
				CLANG_WARN_NON_LITERAL_NULL_CONVERSION = YES;
				CLANG_WARN_OBJC_IMPLICIT_RETAIN_SELF = YES;
				CLANG_WARN_OBJC_LITERAL_CONVERSION = YES;
				CLANG_WARN_OBJC_ROOT_CLASS = YES_ERROR;
				CLANG_WARN_QUOTED_INCLUDE_IN_FRAMEWORK_HEADER = YES;
				CLANG_WARN_RANGE_LOOP_ANALYSIS = YES;
				CLANG_WARN_STRICT_PROTOTYPES = YES;
				CLANG_WARN_SUSPICIOUS_MOVE = YES;
				CLANG_WARN_UNGUARDED_AVAILABILITY = YES_AGGRESSIVE;
				CLANG_WARN_UNREACHABLE_CODE = YES;
				CLANG_WARN__DUPLICATE_METHOD_MATCH = YES;
				COPY_PHASE_STRIP = NO;
				DEBUG_INFORMATION_FORMAT = dwarf;
				ENABLE_STRICT_OBJC_MSGSEND = YES;
				ENABLE_TESTABILITY = YES;
				GCC_C_LANGUAGE_STANDARD = gnu11;
				GCC_DYNAMIC_NO_PIC = NO;
				GCC_NO_COMMON_BLOCKS = YES;
				GCC_OPTIMIZATION_LEVEL = 0;
				GCC_PREPROCESSOR_DEFINITIONS = (
					"DEBUG=1",
					"$(inherited)",
				);
				GCC_WARN_64_TO_32_BIT_CONVERSION = YES;
				GCC_WARN_ABOUT_RETURN_TYPE = YES_ERROR;
				GCC_WARN_UNDECLARED_SELECTOR = YES;
				GCC_WARN_UNINITIALIZED_AUTOS = YES_AGGRESSIVE;
				GCC_WARN_UNUSED_FUNCTION = YES;
				GCC_WARN_UNUSED_VARIABLE = YES;
				IPHONEOS_DEPLOYMENT_TARGET = 14.0;
				MTL_ENABLE_DEBUG_INFO = INCLUDE_SOURCE;
				MTL_FAST_MATH = YES;
				ONLY_ACTIVE_ARCH = YES;
				SDKROOT = iphoneos;
				SWIFT_ACTIVE_COMPILATION_CONDITIONS = DEBUG;
				SWIFT_OPTIMIZATION_LEVEL = "-Onone";
			};
			name = Debug;
		};
		D0474AFE28A7BCB400C1FB3C /* Release */ = {
			isa = XCBuildConfiguration;
			buildSettings = {
				ALWAYS_SEARCH_USER_PATHS = NO;
				CLANG_ANALYZER_NONNULL = YES;
				CLANG_ANALYZER_NUMBER_OBJECT_CONVERSION = YES_AGGRESSIVE;
				CLANG_CXX_LANGUAGE_STANDARD = "gnu++17";
				CLANG_ENABLE_MODULES = YES;
				CLANG_ENABLE_OBJC_ARC = YES;
				CLANG_ENABLE_OBJC_WEAK = YES;
				CLANG_WARN_BLOCK_CAPTURE_AUTORELEASING = YES;
				CLANG_WARN_BOOL_CONVERSION = YES;
				CLANG_WARN_COMMA = YES;
				CLANG_WARN_CONSTANT_CONVERSION = YES;
				CLANG_WARN_DEPRECATED_OBJC_IMPLEMENTATIONS = YES;
				CLANG_WARN_DIRECT_OBJC_ISA_USAGE = YES_ERROR;
				CLANG_WARN_DOCUMENTATION_COMMENTS = YES;
				CLANG_WARN_EMPTY_BODY = YES;
				CLANG_WARN_ENUM_CONVERSION = YES;
				CLANG_WARN_INFINITE_RECURSION = YES;
				CLANG_WARN_INT_CONVERSION = YES;
				CLANG_WARN_NON_LITERAL_NULL_CONVERSION = YES;
				CLANG_WARN_OBJC_IMPLICIT_RETAIN_SELF = YES;
				CLANG_WARN_OBJC_LITERAL_CONVERSION = YES;
				CLANG_WARN_OBJC_ROOT_CLASS = YES_ERROR;
				CLANG_WARN_QUOTED_INCLUDE_IN_FRAMEWORK_HEADER = YES;
				CLANG_WARN_RANGE_LOOP_ANALYSIS = YES;
				CLANG_WARN_STRICT_PROTOTYPES = YES;
				CLANG_WARN_SUSPICIOUS_MOVE = YES;
				CLANG_WARN_UNGUARDED_AVAILABILITY = YES_AGGRESSIVE;
				CLANG_WARN_UNREACHABLE_CODE = YES;
				CLANG_WARN__DUPLICATE_METHOD_MATCH = YES;
				COPY_PHASE_STRIP = NO;
				DEBUG_INFORMATION_FORMAT = "dwarf-with-dsym";
				ENABLE_NS_ASSERTIONS = NO;
				ENABLE_STRICT_OBJC_MSGSEND = YES;
				GCC_C_LANGUAGE_STANDARD = gnu11;
				GCC_NO_COMMON_BLOCKS = YES;
				GCC_WARN_64_TO_32_BIT_CONVERSION = YES;
				GCC_WARN_ABOUT_RETURN_TYPE = YES_ERROR;
				GCC_WARN_UNDECLARED_SELECTOR = YES;
				GCC_WARN_UNINITIALIZED_AUTOS = YES_AGGRESSIVE;
				GCC_WARN_UNUSED_FUNCTION = YES;
				GCC_WARN_UNUSED_VARIABLE = YES;
				IPHONEOS_DEPLOYMENT_TARGET = 14.0;
				MTL_ENABLE_DEBUG_INFO = NO;
				MTL_FAST_MATH = YES;
				SDKROOT = iphoneos;
				SWIFT_COMPILATION_MODE = wholemodule;
				SWIFT_OPTIMIZATION_LEVEL = "-O";
				VALIDATE_PRODUCT = YES;
			};
			name = Release;
		};
		D0474B0028A7BCB400C1FB3C /* Debug */ = {
			isa = XCBuildConfiguration;
			buildSettings = {
				ASSETCATALOG_COMPILER_APPICON_NAME = AppIcon;
				ASSETCATALOG_COMPILER_GLOBAL_ACCENT_COLOR_NAME = AccentColor;
				CODE_SIGN_STYLE = Automatic;
				CURRENT_PROJECT_VERSION = 1;
				DEVELOPMENT_TEAM = 2S52Q5VDX5;
				GENERATE_INFOPLIST_FILE = YES;
				INFOPLIST_FILE = "Event Club/Info.plist";
				INFOPLIST_KEY_UIApplicationSupportsIndirectInputEvents = YES;
				INFOPLIST_KEY_UILaunchStoryboardName = LaunchScreen;
				INFOPLIST_KEY_UIMainStoryboardFile = Main;
				INFOPLIST_KEY_UISupportedInterfaceOrientations_iPad = "UIInterfaceOrientationPortrait UIInterfaceOrientationPortraitUpsideDown UIInterfaceOrientationLandscapeLeft UIInterfaceOrientationLandscapeRight";
				INFOPLIST_KEY_UISupportedInterfaceOrientations_iPhone = "UIInterfaceOrientationPortrait UIInterfaceOrientationLandscapeLeft UIInterfaceOrientationLandscapeRight";
				IPHONEOS_DEPLOYMENT_TARGET = 14.0;
				LD_RUNPATH_SEARCH_PATHS = (
					"$(inherited)",
					"@executable_path/Frameworks",
				);
				MARKETING_VERSION = 1.0;
				PRODUCT_BUNDLE_IDENTIFIER = "com.a.pride.Event-Club";
				PRODUCT_NAME = "$(TARGET_NAME)";
				SWIFT_EMIT_LOC_STRINGS = YES;
				SWIFT_VERSION = 5.0;
				TARGETED_DEVICE_FAMILY = 1;
			};
			name = Debug;
		};
		D0474B0128A7BCB400C1FB3C /* Release */ = {
			isa = XCBuildConfiguration;
			buildSettings = {
				ASSETCATALOG_COMPILER_APPICON_NAME = AppIcon;
				ASSETCATALOG_COMPILER_GLOBAL_ACCENT_COLOR_NAME = AccentColor;
				CODE_SIGN_STYLE = Automatic;
				CURRENT_PROJECT_VERSION = 1;
				DEVELOPMENT_TEAM = 2S52Q5VDX5;
				GENERATE_INFOPLIST_FILE = YES;
				INFOPLIST_FILE = "Event Club/Info.plist";
				INFOPLIST_KEY_UIApplicationSupportsIndirectInputEvents = YES;
				INFOPLIST_KEY_UILaunchStoryboardName = LaunchScreen;
				INFOPLIST_KEY_UIMainStoryboardFile = Main;
				INFOPLIST_KEY_UISupportedInterfaceOrientations_iPad = "UIInterfaceOrientationPortrait UIInterfaceOrientationPortraitUpsideDown UIInterfaceOrientationLandscapeLeft UIInterfaceOrientationLandscapeRight";
				INFOPLIST_KEY_UISupportedInterfaceOrientations_iPhone = "UIInterfaceOrientationPortrait UIInterfaceOrientationLandscapeLeft UIInterfaceOrientationLandscapeRight";
				IPHONEOS_DEPLOYMENT_TARGET = 14.0;
				LD_RUNPATH_SEARCH_PATHS = (
					"$(inherited)",
					"@executable_path/Frameworks",
				);
				MARKETING_VERSION = 1.0;
				PRODUCT_BUNDLE_IDENTIFIER = "com.a.pride.Event-Club";
				PRODUCT_NAME = "$(TARGET_NAME)";
				SWIFT_EMIT_LOC_STRINGS = YES;
				SWIFT_VERSION = 5.0;
				TARGETED_DEVICE_FAMILY = 1;
			};
			name = Release;
		};
/* End XCBuildConfiguration section */

/* Begin XCConfigurationList section */
		D0474AE628A7BCAA00C1FB3C /* Build configuration list for PBXProject "Event Club" */ = {
			isa = XCConfigurationList;
			buildConfigurations = (
				D0474AFD28A7BCB400C1FB3C /* Debug */,
				D0474AFE28A7BCB400C1FB3C /* Release */,
			);
			defaultConfigurationIsVisible = 0;
			defaultConfigurationName = Release;
		};
		D0474AFF28A7BCB400C1FB3C /* Build configuration list for PBXNativeTarget "Event Club" */ = {
			isa = XCConfigurationList;
			buildConfigurations = (
				D0474B0028A7BCB400C1FB3C /* Debug */,
				D0474B0128A7BCB400C1FB3C /* Release */,
			);
			defaultConfigurationIsVisible = 0;
			defaultConfigurationName = Release;
		};
/* End XCConfigurationList section */
	};
	rootObject = D0474AE328A7BCAA00C1FB3C /* Project object */;
}
